
Microsoft Visual Studio Solution File, Format Version 12.00
# Visual Studio 15
Project("{FAE04EC0-301F-11D3-BF4B-00C04F79EFBC}") = "Assembly-CSharp", "Assembly-CSharp.csproj", "{EFBAB835-F631-BDF8-9CE5-4941641A2E0B}"
EndProject
Global
	GlobalSection(SolutionConfigurationPlatforms) = preSolution
		Debug|Any CPU = Debug|Any CPU
		Release|Any CPU = Release|Any CPU
	EndGlobalSection
	GlobalSection(ProjectConfigurationPlatforms) = postSolution
		{EFBAB835-F631-BDF8-9CE5-4941641A2E0B}.Debug|Any CPU.ActiveCfg = Debug|Any CPU
		{EFBAB835-F631-BDF8-9CE5-4941641A2E0B}.Debug|Any CPU.Build.0 = Debug|Any CPU
		{EFBAB835-F631-BDF8-9CE5-4941641A2E0B}.Release|Any CPU.ActiveCfg = Release|Any CPU
		{EFBAB835-F631-BDF8-9CE5-4941641A2E0B}.Release|Any CPU.Build.0 = Release|Any CPU
	EndGlobalSection
	GlobalSection(SolutionProperties) = preSolution
		HideSolutionNode = FALSE
	EndGlobalSection
EndGlobal
